# This file was autogenerated by Stack.
# You should not edit this file by hand.
# For more information, please see the documentation at:
#   https://docs.haskellstack.org/en/stable/lock_files

packages:
- completed:
    hackage: allen-0.1.0.0@sha256:c964f9c35f447653bb61838f72ce66624395964129bf1c800070b72fa0a6fced,3054
    pantry-tree:
      sha256: cbe29c346dbd0136a9763c17f558fc21bd20d1f0383322952585ca3b6b5dd5e0
      size: 665
  original:
    hackage: allen-0.1.0.0
- completed:
    hackage: h-raylib-4.6.0.7@sha256:6b8f0df397c8eaa2bfe095cddc369b715549aa6cbb158ece7c533519886c9e11,6124
    pantry-tree:
      sha256: 9e953b75a0892cf7507c2fb34deee69f8479ee79c23e818f68e571e319346cdc
      size: 26839
  original:
    hackage: h-raylib-4.6.0.7
snapshots:
- completed:
    sha256: caa77fdbc5b9f698262b21ee78030133272ec53116ad6ddbefdc4c321f668e0c
    size: 640014
    url: https://raw.githubusercontent.com/commercialhaskell/stackage-snapshots/master/lts/21/4.yaml
  original: lts-21.4
